<?xml version="1.0" encoding="UTF-8" standalone="yes" ?>
<CodeBlocks_project_file>
	<FileVersion major="1" minor="6" />
	<Project>
		<Option title="smallrdf" />
		<Option pch_mode="2" />
		<Option compiler="gcc" />
		<Build>
			<Target title="Debug">
				<Option output="bin/Debug/smallrdf" prefix_auto="1" extension_auto="1" />
				<Option object_output="obj/Debug/" />
				<Option type="3" />
				<Option compiler="gcc" />
				<Option createDefFile="1" />
				<Option createStaticLib="1" />
				<Compiler>
					<Add option="-Wshadow" />
					<Add option="-Wredundant-decls" />
					<Add option="-Winline" />
					<Add option="-Wswitch-enum" />
					<Add option="-Wswitch-default" />
					<Add option="-Wmain" />
					<Add option="-Wall" />
					<Add option="-fPIC" />
					<Add option="-Og" />
					<Add option="-g" />
					<Add option="-shared" />
					<Add option="-fasynchronous-unwind-tables" />
					<Add option="-fstack-protector-all" />
					<Add option="-fcf-protection" />
					<Add option="-D_FORTIFY_SOURCE=2" />
					<Add option="-D_GLIBCXX_ASSERTIONS" />
					<Add directory="include" />
				</Compiler>
			</Target>
			<Target title="Release">
				<Option output="bin/Release/smallrdf" prefix_auto="1" extension_auto="1" />
				<Option object_output="obj/Release/" />
				<Option type="3" />
				<Option compiler="gcc" />
				<Option createDefFile="1" />
				<Option createStaticLib="1" />
				<Compiler>
					<Add option="-fomit-frame-pointer" />
					<Add option="-fPIC" />
					<Add option="-shared" />
					<Add option="-pipe" />
					<Add option="-D_FORTIFY_SOURCE=1" />
					<Add directory="include" />
				</Compiler>
				<Linker>
					<Add option="-O3" />
					<Add option="-s" />
				</Linker>
			</Target>
			<Target title="Release Native">
				<Option output="bin/Release/smallrdf" prefix_auto="1" extension_auto="1" />
				<Option object_output="obj/Release/" />
				<Option type="3" />
				<Option compiler="gcc" />
				<Option createDefFile="1" />
				<Option createStaticLib="1" />
				<Compiler>
					<Add option="-fomit-frame-pointer" />
					<Add option="-shared" />
					<Add option="-pipe" />
					<Add option="-fpic" />
					<Add option="-march=native" />
					<Add option="-D_FORTIFY_SOURCE=1" />
					<Add directory="include" />
				</Compiler>
				<Linker>
					<Add option="-O3" />
					<Add option="-s" />
				</Linker>
			</Target>
			<Target title="Release Native C">
				<Option output="bin/Release/smallrdf" prefix_auto="1" extension_auto="1" />
				<Option object_output="obj/Release/" />
				<Option type="3" />
				<Option compiler="gcc" />
				<Option createDefFile="1" />
				<Option createStaticLib="1" />
				<Compiler>
					<Add option="-fomit-frame-pointer" />
					<Add option="-shared" />
					<Add option="-pipe" />
					<Add option="-fpic" />
					<Add option="-march=native" />
					<Add option="-D_FORTIFY_SOURCE=1" />
					<Add directory="include" />
				</Compiler>
				<Linker>
					<Add option="-O3" />
					<Add option="-s" />
				</Linker>
			</Target>
			<Target title="Test Debug">
				<Option output="bin/Debug/test" prefix_auto="1" extension_auto="1" />
				<Option object_output="obj/Debug/" />
				<Option type="1" />
				<Option compiler="gcc" />
				<Option use_console_runner="0" />
				<Compiler>
					<Add option="-Wshadow" />
					<Add option="-Wredundant-decls" />
					<Add option="-Winline" />
					<Add option="-Wswitch-enum" />
					<Add option="-Wswitch-default" />
					<Add option="-Wmain" />
					<Add option="-Wall" />
					<Add option="-Og" />
					<Add option="-g" />
					<Add option="-fasynchronous-unwind-tables" />
					<Add option="-fstack-protector-all" />
					<Add option="-fpie -Wl,-pie" />
					<Add option="-D_FORTIFY_SOURCE=2" />
					<Add option="-D_GLIBCXX_ASSERTIONS" />
					<Add directory="include" />
				</Compiler>
				<Linker>
					<Add library="gtest" />
					<Add library="pthread" />
				</Linker>
			</Target>
		</Build>
		<Compiler>
			<Add option="-Wnon-virtual-dtor" />
			<Add option="-Winit-self" />
			<Add option="-Wcast-align" />
			<Add option="-Wundef" />
			<Add option="-Wfloat-equal" />
			<Add option="-Wunreachable-code" />
			<Add option="-Wmissing-include-dirs" />
			<Add option="-Weffc++" />
			<Add option="-Wzero-as-null-pointer-constant" />
			<Add option="-std=c++17" />
			<Add option="-fexceptions" />
			<Add option="-fstack-protector" />
			<Add option="-fstack-clash-protection" />
			<Add option="-Werror=format-security" />
			<Add option="-Wl,-z,defs" />
			<Add option="-Wl,-z,now" />
			<Add option="-Wl,-z,relro" />
		</Compiler>
		<Unit filename="contrib/uthash.h" />
		<Unit filename="include/Container.hpp" />
		<Unit filename="include/NTriplesParser.h" />
		<Unit filename="include/NTriplesSerializer.h" />
		<Unit filename="include/RDF.h" />
		<Unit filename="include/RDF.hpp">
			<Option target="Debug" />
			<Option target="Release" />
			<Option target="Test Debug" />
			<Option target="Release Native" />
		</Unit>
		<Unit filename="src/NTriplesParser.cpp" />
		<Unit filename="src/NTriplesSerializer.cpp" />
		<Unit filename="src/RDF.cpp" />
		<Unit filename="test/NTriplesParser_test.cpp">
			<Option target="Test Debug" />
		</Unit>
		<Unit filename="test/NTriplesSerializer_test.cpp">
			<Option target="Test Debug" />
		</Unit>
		<Unit filename="test/RDF_test.cpp">
			<Option target="Test Debug" />
		</Unit>
		<Unit filename="test/test.cpp">
			<Option target="Test Debug" />
		</Unit>
		<Extensions>
			<DoxyBlocks>
				<comment_style block="1" line="1" />
				<doxyfile_project />
				<doxyfile_build />
				<doxyfile_warnings />
				<doxyfile_output html_help="1" />
				<doxyfile_dot class_diagrams="1" />
				<general />
			</DoxyBlocks>
		</Extensions>
	</Project>
</CodeBlocks_project_file>
